
Microsoft Visual Studio Solution File, Format Version 12.00
# Visual Studio Version 16
VisualStudioVersion = 16.0.29009.5
MinimumVisualStudioVersion = 10.0.40219.1
Project("{FAE04EC0-301F-11D3-BF4B-00C04F79EFBC}") = "AsyncDemo.AspNet", "AsyncDemo.AspNet\AsyncDemo.AspNet.csproj", "{FC1439FC-05E0-488C-A381-B212FA6F066D}"
EndProject
Project("{9A19103F-16F7-4668-BE54-9A1E7A4F7556}") = "AsyncDemo.AspNetCore", "AsyncDemo.AspNetCore\AsyncDemo.AspNetCore.csproj", "{4C46F125-CF96-4494-9F2C-C1EF4320C8C9}"
EndProject
Global
	GlobalSection(SolutionConfigurationPlatforms) = preSolution
		Debug|Any CPU = Debug|Any CPU
		Release|Any CPU = Release|Any CPU
	EndGlobalSection
	GlobalSection(ProjectConfigurationPlatforms) = postSolution
		{FC1439FC-05E0-488C-A381-B212FA6F066D}.Debug|Any CPU.ActiveCfg = Debug|Any CPU
		{FC1439FC-05E0-488C-A381-B212FA6F066D}.Debug|Any CPU.Build.0 = Debug|Any CPU
		{FC1439FC-05E0-488C-A381-B212FA6F066D}.Release|Any CPU.ActiveCfg = Release|Any CPU
		{FC1439FC-05E0-488C-A381-B212FA6F066D}.Release|Any CPU.Build.0 = Release|Any CPU
		{4C46F125-CF96-4494-9F2C-C1EF4320C8C9}.Debug|Any CPU.ActiveCfg = Debug|Any CPU
		{4C46F125-CF96-4494-9F2C-C1EF4320C8C9}.Debug|Any CPU.Build.0 = Debug|Any CPU
		{4C46F125-CF96-4494-9F2C-C1EF4320C8C9}.Release|Any CPU.ActiveCfg = Release|Any CPU
		{4C46F125-CF96-4494-9F2C-C1EF4320C8C9}.Release|Any CPU.Build.0 = Release|Any CPU
	EndGlobalSection
	GlobalSection(SolutionProperties) = preSolution
		HideSolutionNode = FALSE
	EndGlobalSection
	GlobalSection(ExtensibilityGlobals) = postSolution
		SolutionGuid = {DF50BC3B-ABE3-48FB-B9BC-1995651A79D7}
	EndGlobalSection
EndGlobal
